
Microsoft Visual Studio Solution File, Format Version 12.00
# Visual Studio Version 17
VisualStudioVersion = 17.8.34309.116
MinimumVisualStudioVersion = 10.0.40219.1
Project("{FAE04EC0-301F-11D3-BF4B-00C04F79EFBC}") = "TobetoBackend", "TobetoBackend.csproj", "{D2245332-B519-4050-A96A-12DE34893730}"
EndProject
Global
	GlobalSection(SolutionConfigurationPlatforms) = preSolution
		Debug|Any CPU = Debug|Any CPU
		Release|Any CPU = Release|Any CPU
	EndGlobalSection
	GlobalSection(ProjectConfigurationPlatforms) = postSolution
		{D2245332-B519-4050-A96A-12DE34893730}.Debug|Any CPU.ActiveCfg = Debug|Any CPU
		{D2245332-B519-4050-A96A-12DE34893730}.Debug|Any CPU.Build.0 = Debug|Any CPU
		{D2245332-B519-4050-A96A-12DE34893730}.Release|Any CPU.ActiveCfg = Release|Any CPU
		{D2245332-B519-4050-A96A-12DE34893730}.Release|Any CPU.Build.0 = Release|Any CPU
	EndGlobalSection
	GlobalSection(SolutionProperties) = preSolution
		HideSolutionNode = FALSE
	EndGlobalSection
	GlobalSection(ExtensibilityGlobals) = postSolution
		SolutionGuid = {0B9AF62E-5C2C-4189-87C0-D3E4CA504FFC}
	EndGlobalSection
EndGlobal
